// !$*UTF8*$!
{
	archiveVersion = 1;
	classes = {
	};
	objectVersion = 55;
	objects = {

/* Begin PBXBuildFile section */
		97262FC2285B98C400D7D245 /* NotificationsViewController.swift in Sources */ = {isa = PBXBuildFile; fileRef = 97262FC1285B98C400D7D245 /* NotificationsViewController.swift */; };
		97262FC4285B98D400D7D245 /* ProfileViewController.swift in Sources */ = {isa = PBXBuildFile; fileRef = 97262FC3285B98D400D7D245 /* ProfileViewController.swift */; };
		97262FC9285B999900D7D245 /* LoginViewController.swift in Sources */ = {isa = PBXBuildFile; fileRef = 97262FC8285B999900D7D245 /* LoginViewController.swift */; };
		97262FCB285B99B400D7D245 /* RegistrationViewController.swift in Sources */ = {isa = PBXBuildFile; fileRef = 97262FCA285B99B400D7D245 /* RegistrationViewController.swift */; };
		97262FCD285B99E500D7D245 /* PostViewController.swift in Sources */ = {isa = PBXBuildFile; fileRef = 97262FCC285B99E500D7D245 /* PostViewController.swift */; };
		97262FCF285B9ABD00D7D245 /* EditProfileViewController.swift in Sources */ = {isa = PBXBuildFile; fileRef = 97262FCE285B9ABD00D7D245 /* EditProfileViewController.swift */; };
		97262FD1285B9AE300D7D245 /* SettingViewController.swift in Sources */ = {isa = PBXBuildFile; fileRef = 97262FD0285B9AE300D7D245 /* SettingViewController.swift */; };
		97262FD3285B9B0800D7D245 /* ListViewController.swift in Sources */ = {isa = PBXBuildFile; fileRef = 97262FD2285B9B0800D7D245 /* ListViewController.swift */; };
		97262FD5285B9B2A00D7D245 /* SearchViewController.swift in Sources */ = {isa = PBXBuildFile; fileRef = 97262FD4285B9B2A00D7D245 /* SearchViewController.swift */; };
		97262FD7285B9B4900D7D245 /* SearchResultsViewController.swift in Sources */ = {isa = PBXBuildFile; fileRef = 97262FD6285B9B4900D7D245 /* SearchResultsViewController.swift */; };
		97262FD9285B9B8900D7D245 /* PostEditorViewController.swift in Sources */ = {isa = PBXBuildFile; fileRef = 97262FD8285B9B8900D7D245 /* PostEditorViewController.swift */; };
		97262FDB285B9BB100D7D245 /* PublishPostViewController.swift in Sources */ = {isa = PBXBuildFile; fileRef = 97262FDA285B9BB100D7D245 /* PublishPostViewController.swift */; };
		97ABCF55285B963200EA2B70 /* AppDelegate.swift in Sources */ = {isa = PBXBuildFile; fileRef = 97ABCF54285B963200EA2B70 /* AppDelegate.swift */; };
		97ABCF57285B963200EA2B70 /* SceneDelegate.swift in Sources */ = {isa = PBXBuildFile; fileRef = 97ABCF56285B963200EA2B70 /* SceneDelegate.swift */; };
		97ABCF59285B963200EA2B70 /* HomeViewController.swift in Sources */ = {isa = PBXBuildFile; fileRef = 97ABCF58285B963200EA2B70 /* HomeViewController.swift */; };
		97ABCF5C285B963200EA2B70 /* Main.storyboard in Resources */ = {isa = PBXBuildFile; fileRef = 97ABCF5A285B963200EA2B70 /* Main.storyboard */; };
		97ABCF5E285B963300EA2B70 /* Assets.xcassets in Resources */ = {isa = PBXBuildFile; fileRef = 97ABCF5D285B963300EA2B70 /* Assets.xcassets */; };
		97ABCF61285B963300EA2B70 /* LaunchScreen.storyboard in Resources */ = {isa = PBXBuildFile; fileRef = 97ABCF5F285B963300EA2B70 /* LaunchScreen.storyboard */; };
		97ABCF6D285B97CB00EA2B70 /* ExploreViewController.swift in Sources */ = {isa = PBXBuildFile; fileRef = 97ABCF6C285B97CB00EA2B70 /* ExploreViewController.swift */; };
		97ABCF6F285B97EB00EA2B70 /* CamersViewController.swift in Sources */ = {isa = PBXBuildFile; fileRef = 97ABCF6E285B97EB00EA2B70 /* CamersViewController.swift */; };
/* End PBXBuildFile section */

/* Begin PBXFileReference section */
		97262FC1285B98C400D7D245 /* NotificationsViewController.swift */ = {isa = PBXFileReference; lastKnownFileType = sourcecode.swift; path = NotificationsViewController.swift; sourceTree = "<group>"; };
		97262FC3285B98D400D7D245 /* ProfileViewController.swift */ = {isa = PBXFileReference; lastKnownFileType = sourcecode.swift; path = ProfileViewController.swift; sourceTree = "<group>"; };
		97262FC8285B999900D7D245 /* LoginViewController.swift */ = {isa = PBXFileReference; lastKnownFileType = sourcecode.swift; path = LoginViewController.swift; sourceTree = "<group>"; };
		97262FCA285B99B400D7D245 /* RegistrationViewController.swift */ = {isa = PBXFileReference; lastKnownFileType = sourcecode.swift; path = RegistrationViewController.swift; sourceTree = "<group>"; };
		97262FCC285B99E500D7D245 /* PostViewController.swift */ = {isa = PBXFileReference; lastKnownFileType = sourcecode.swift; path = PostViewController.swift; sourceTree = "<group>"; };
		97262FCE285B9ABD00D7D245 /* EditProfileViewController.swift */ = {isa = PBXFileReference; lastKnownFileType = sourcecode.swift; path = EditProfileViewController.swift; sourceTree = "<group>"; };
		97262FD0285B9AE300D7D245 /* SettingViewController.swift */ = {isa = PBXFileReference; lastKnownFileType = sourcecode.swift; path = SettingViewController.swift; sourceTree = "<group>"; };
		97262FD2285B9B0800D7D245 /* ListViewController.swift */ = {isa = PBXFileReference; lastKnownFileType = sourcecode.swift; path = ListViewController.swift; sourceTree = "<group>"; };
		97262FD4285B9B2A00D7D245 /* SearchViewController.swift */ = {isa = PBXFileReference; lastKnownFileType = sourcecode.swift; path = SearchViewController.swift; sourceTree = "<group>"; };
		97262FD6285B9B4900D7D245 /* SearchResultsViewController.swift */ = {isa = PBXFileReference; lastKnownFileType = sourcecode.swift; path = SearchResultsViewController.swift; sourceTree = "<group>"; };
		97262FD8285B9B8900D7D245 /* PostEditorViewController.swift */ = {isa = PBXFileReference; lastKnownFileType = sourcecode.swift; path = PostEditorViewController.swift; sourceTree = "<group>"; };
		97262FDA285B9BB100D7D245 /* PublishPostViewController.swift */ = {isa = PBXFileReference; lastKnownFileType = sourcecode.swift; path = PublishPostViewController.swift; sourceTree = "<group>"; };
		97ABCF51285B963200EA2B70 /* Coupling.app */ = {isa = PBXFileReference; explicitFileType = wrapper.application; includeInIndex = 0; path = Coupling.app; sourceTree = BUILT_PRODUCTS_DIR; };
		97ABCF54285B963200EA2B70 /* AppDelegate.swift */ = {isa = PBXFileReference; lastKnownFileType = sourcecode.swift; path = AppDelegate.swift; sourceTree = "<group>"; };
		97ABCF56285B963200EA2B70 /* SceneDelegate.swift */ = {isa = PBXFileReference; lastKnownFileType = sourcecode.swift; path = SceneDelegate.swift; sourceTree = "<group>"; };
		97ABCF58285B963200EA2B70 /* HomeViewController.swift */ = {isa = PBXFileReference; lastKnownFileType = sourcecode.swift; path = HomeViewController.swift; sourceTree = "<group>"; };
		97ABCF5B285B963200EA2B70 /* Base */ = {isa = PBXFileReference; lastKnownFileType = file.storyboard; name = Base; path = Base.lproj/Main.storyboard; sourceTree = "<group>"; };
		97ABCF5D285B963300EA2B70 /* Assets.xcassets */ = {isa = PBXFileReference; lastKnownFileType = folder.assetcatalog; path = Assets.xcassets; sourceTree = "<group>"; };
		97ABCF60285B963300EA2B70 /* Base */ = {isa = PBXFileReference; lastKnownFileType = file.storyboard; name = Base; path = Base.lproj/LaunchScreen.storyboard; sourceTree = "<group>"; };
		97ABCF62285B963300EA2B70 /* Info.plist */ = {isa = PBXFileReference; lastKnownFileType = text.plist.xml; path = Info.plist; sourceTree = "<group>"; };
		97ABCF6C285B97CB00EA2B70 /* ExploreViewController.swift */ = {isa = PBXFileReference; lastKnownFileType = sourcecode.swift; path = ExploreViewController.swift; sourceTree = "<group>"; };
		97ABCF6E285B97EB00EA2B70 /* CamersViewController.swift */ = {isa = PBXFileReference; lastKnownFileType = sourcecode.swift; path = CamersViewController.swift; sourceTree = "<group>"; };
/* End PBXFileReference section */

/* Begin PBXFrameworksBuildPhase section */
		97ABCF4E285B963200EA2B70 /* Frameworks */ = {
			isa = PBXFrameworksBuildPhase;
			buildActionMask = 2147483647;
			files = (
			);
			runOnlyForDeploymentPostprocessing = 0;
		};
/* End PBXFrameworksBuildPhase section */

/* Begin PBXGroup section */
		97262FC5285B991E00D7D245 /* Core Tabs */ = {
			isa = PBXGroup;
			children = (
				97ABCF58285B963200EA2B70 /* HomeViewController.swift */,
				97ABCF6C285B97CB00EA2B70 /* ExploreViewController.swift */,
				97ABCF6E285B97EB00EA2B70 /* CamersViewController.swift */,
				97262FC1285B98C400D7D245 /* NotificationsViewController.swift */,
				97262FC3285B98D400D7D245 /* ProfileViewController.swift */,
			);
			path = "Core Tabs";
			sourceTree = "<group>";
		};
		97262FC6285B996300D7D245 /* Other */ = {
			isa = PBXGroup;
			children = (
				97262FCC285B99E500D7D245 /* PostViewController.swift */,
				97262FCE285B9ABD00D7D245 /* EditProfileViewController.swift */,
				97262FD0285B9AE300D7D245 /* SettingViewController.swift */,
				97262FD2285B9B0800D7D245 /* ListViewController.swift */,
				97262FD4285B9B2A00D7D245 /* SearchViewController.swift */,
				97262FD6285B9B4900D7D245 /* SearchResultsViewController.swift */,
				97262FD8285B9B8900D7D245 /* PostEditorViewController.swift */,
				97262FC7285B997800D7D245 /* Onboarding */,
				97262FDA285B9BB100D7D245 /* PublishPostViewController.swift */,
			);
			path = Other;
			sourceTree = "<group>";
		};
		97262FC7285B997800D7D245 /* Onboarding */ = {
			isa = PBXGroup;
			children = (
				97262FC8285B999900D7D245 /* LoginViewController.swift */,
				97262FCA285B99B400D7D245 /* RegistrationViewController.swift */,
			);
			path = Onboarding;
			sourceTree = "<group>";
		};
		97ABCF48285B963200EA2B70 = {
			isa = PBXGroup;
			children = (
				97ABCF53285B963200EA2B70 /* Coupling */,
				97ABCF52285B963200EA2B70 /* Products */,
			);
			sourceTree = "<group>";
		};
		97ABCF52285B963200EA2B70 /* Products */ = {
			isa = PBXGroup;
			children = (
				97ABCF51285B963200EA2B70 /* Coupling.app */,
			);
			name = Products;
			sourceTree = "<group>";
		};
		97ABCF53285B963200EA2B70 /* Coupling */ = {
			isa = PBXGroup;
			children = (
				97ABCF6B285B96A800EA2B70 /* Resources */,
				97ABCF6A285B969100EA2B70 /* Models */,
				97ABCF69285B968400EA2B70 /* Views */,
				97ABCF68285B966E00EA2B70 /* Controllers */,
				97ABCF54285B963200EA2B70 /* AppDelegate.swift */,
				97ABCF56285B963200EA2B70 /* SceneDelegate.swift */,
				97ABCF5A285B963200EA2B70 /* Main.storyboard */,
				97ABCF5D285B963300EA2B70 /* Assets.xcassets */,
				97ABCF5F285B963300EA2B70 /* LaunchScreen.storyboard */,
				97ABCF62285B963300EA2B70 /* Info.plist */,
			);
			path = Coupling;
			sourceTree = "<group>";
		};
		97ABCF68285B966E00EA2B70 /* Controllers */ = {
			isa = PBXGroup;
			children = (
				97262FC6285B996300D7D245 /* Other */,
				97262FC5285B991E00D7D245 /* Core Tabs */,
			);
			path = Controllers;
			sourceTree = "<group>";
		};
		97ABCF69285B968400EA2B70 /* Views */ = {
			isa = PBXGroup;
			children = (
			);
			path = Views;
			sourceTree = "<group>";
		};
		97ABCF6A285B969100EA2B70 /* Models */ = {
			isa = PBXGroup;
			children = (
			);
			path = Models;
			sourceTree = "<group>";
		};
		97ABCF6B285B96A800EA2B70 /* Resources */ = {
			isa = PBXGroup;
			children = (
			);
			path = Resources;
			sourceTree = "<group>";
		};
/* End PBXGroup section */

/* Begin PBXNativeTarget section */
		97ABCF50285B963200EA2B70 /* Coupling */ = {
			isa = PBXNativeTarget;
			buildConfigurationList = 97ABCF65285B963300EA2B70 /* Build configuration list for PBXNativeTarget "Coupling" */;
			buildPhases = (
				97ABCF4D285B963200EA2B70 /* Sources */,
				97ABCF4E285B963200EA2B70 /* Frameworks */,
				97ABCF4F285B963200EA2B70 /* Resources */,
			);
			buildRules = (
			);
			dependencies = (
			);
			name = Coupling;
			productName = Coupling;
			productReference = 97ABCF51285B963200EA2B70 /* Coupling.app */;
			productType = "com.apple.product-type.application";
		};
/* End PBXNativeTarget section */

/* Begin PBXProject section */
		97ABCF49285B963200EA2B70 /* Project object */ = {
			isa = PBXProject;
			attributes = {
				BuildIndependentTargetsInParallel = 1;
				LastSwiftUpdateCheck = 1340;
				LastUpgradeCheck = 1340;
				TargetAttributes = {
					97ABCF50285B963200EA2B70 = {
						CreatedOnToolsVersion = 13.4.1;
					};
				};
			};
			buildConfigurationList = 97ABCF4C285B963200EA2B70 /* Build configuration list for PBXProject "Coupling" */;
			compatibilityVersion = "Xcode 13.0";
			developmentRegion = en;
			hasScannedForEncodings = 0;
			knownRegions = (
				en,
				Base,
			);
			mainGroup = 97ABCF48285B963200EA2B70;
			productRefGroup = 97ABCF52285B963200EA2B70 /* Products */;
			projectDirPath = "";
			projectRoot = "";
			targets = (
				97ABCF50285B963200EA2B70 /* Coupling */,
			);
		};
/* End PBXProject section */

/* Begin PBXResourcesBuildPhase section */
		97ABCF4F285B963200EA2B70 /* Resources */ = {
			isa = PBXResourcesBuildPhase;
			buildActionMask = 2147483647;
			files = (
				97ABCF61285B963300EA2B70 /* LaunchScreen.storyboard in Resources */,
				97ABCF5E285B963300EA2B70 /* Assets.xcassets in Resources */,
				97ABCF5C285B963200EA2B70 /* Main.storyboard in Resources */,
			);
			runOnlyForDeploymentPostprocessing = 0;
		};
/* End PBXResourcesBuildPhase section */

/* Begin PBXSourcesBuildPhase section */
		97ABCF4D285B963200EA2B70 /* Sources */ = {
			isa = PBXSourcesBuildPhase;
			buildActionMask = 2147483647;
			files = (
				97262FCF285B9ABD00D7D245 /* EditProfileViewController.swift in Sources */,
				97ABCF6F285B97EB00EA2B70 /* CamersViewController.swift in Sources */,
				97262FDB285B9BB100D7D245 /* PublishPostViewController.swift in Sources */,
				97ABCF6D285B97CB00EA2B70 /* ExploreViewController.swift in Sources */,
				97ABCF59285B963200EA2B70 /* HomeViewController.swift in Sources */,
				97262FD7285B9B4900D7D245 /* SearchResultsViewController.swift in Sources */,
				97262FD9285B9B8900D7D245 /* PostEditorViewController.swift in Sources */,
				97262FCB285B99B400D7D245 /* RegistrationViewController.swift in Sources */,
				97262FCD285B99E500D7D245 /* PostViewController.swift in Sources */,
				97262FC2285B98C400D7D245 /* NotificationsViewController.swift in Sources */,
				97262FC9285B999900D7D245 /* LoginViewController.swift in Sources */,
				97262FD5285B9B2A00D7D245 /* SearchViewController.swift in Sources */,
				97262FC4285B98D400D7D245 /* ProfileViewController.swift in Sources */,
				97ABCF55285B963200EA2B70 /* AppDelegate.swift in Sources */,
				97ABCF57285B963200EA2B70 /* SceneDelegate.swift in Sources */,
				97262FD3285B9B0800D7D245 /* ListViewController.swift in Sources */,
				97262FD1285B9AE300D7D245 /* SettingViewController.swift in Sources */,
			);
			runOnlyForDeploymentPostprocessing = 0;
		};
/* End PBXSourcesBuildPhase section */

/* Begin PBXVariantGroup section */
		97ABCF5A285B963200EA2B70 /* Main.storyboard */ = {
			isa = PBXVariantGroup;
			children = (
				97ABCF5B285B963200EA2B70 /* Base */,
			);
			name = Main.storyboard;
			sourceTree = "<group>";
		};
		97ABCF5F285B963300EA2B70 /* LaunchScreen.storyboard */ = {
			isa = PBXVariantGroup;
			children = (
				97ABCF60285B963300EA2B70 /* Base */,
			);
			name = LaunchScreen.storyboard;
			sourceTree = "<group>";
		};
/* End PBXVariantGroup section */

/* Begin XCBuildConfiguration section */
		97ABCF63285B963300EA2B70 /* Debug */ = {
			isa = XCBuildConfiguration;
			buildSettings = {
				ALWAYS_SEARCH_USER_PATHS = NO;
				CLANG_ANALYZER_NONNULL = YES;
				CLANG_ANALYZER_NUMBER_OBJECT_CONVERSION = YES_AGGRESSIVE;
				CLANG_CXX_LANGUAGE_STANDARD = "gnu++17";
				CLANG_ENABLE_MODULES = YES;
				CLANG_ENABLE_OBJC_ARC = YES;
				CLANG_ENABLE_OBJC_WEAK = YES;
				CLANG_WARN_BLOCK_CAPTURE_AUTORELEASING = YES;
				CLANG_WARN_BOOL_CONVERSION = YES;
				CLANG_WARN_COMMA = YES;
				CLANG_WARN_CONSTANT_CONVERSION = YES;
				CLANG_WARN_DEPRECATED_OBJC_IMPLEMENTATIONS = YES;
				CLANG_WARN_DIRECT_OBJC_ISA_USAGE = YES_ERROR;
				CLANG_WARN_DOCUMENTATION_COMMENTS = YES;
				CLANG_WARN_EMPTY_BODY = YES;
				CLANG_WARN_ENUM_CONVERSION = YES;
				CLANG_WARN_INFINITE_RECURSION = YES;
				CLANG_WARN_INT_CONVERSION = YES;
				CLANG_WARN_NON_LITERAL_NULL_CONVERSION = YES;
				CLANG_WARN_OBJC_IMPLICIT_RETAIN_SELF = YES;
				CLANG_WARN_OBJC_LITERAL_CONVERSION = YES;
				CLANG_WARN_OBJC_ROOT_CLASS = YES_ERROR;
				CLANG_WARN_QUOTED_INCLUDE_IN_FRAMEWORK_HEADER = YES;
				CLANG_WARN_RANGE_LOOP_ANALYSIS = YES;
				CLANG_WARN_STRICT_PROTOTYPES = YES;
				CLANG_WARN_SUSPICIOUS_MOVE = YES;
				CLANG_WARN_UNGUARDED_AVAILABILITY = YES_AGGRESSIVE;
				CLANG_WARN_UNREACHABLE_CODE = YES;
				CLANG_WARN__DUPLICATE_METHOD_MATCH = YES;
				COPY_PHASE_STRIP = NO;
				DEBUG_INFORMATION_FORMAT = dwarf;
				ENABLE_STRICT_OBJC_MSGSEND = YES;
				ENABLE_TESTABILITY = YES;
				GCC_C_LANGUAGE_STANDARD = gnu11;
				GCC_DYNAMIC_NO_PIC = NO;
				GCC_NO_COMMON_BLOCKS = YES;
				GCC_OPTIMIZATION_LEVEL = 0;
				GCC_PREPROCESSOR_DEFINITIONS = (
					"DEBUG=1",
					"$(inherited)",
				);
				GCC_WARN_64_TO_32_BIT_CONVERSION = YES;
				GCC_WARN_ABOUT_RETURN_TYPE = YES_ERROR;
				GCC_WARN_UNDECLARED_SELECTOR = YES;
				GCC_WARN_UNINITIALIZED_AUTOS = YES_AGGRESSIVE;
				GCC_WARN_UNUSED_FUNCTION = YES;
				GCC_WARN_UNUSED_VARIABLE = YES;
				IPHONEOS_DEPLOYMENT_TARGET = 15.5;
				MTL_ENABLE_DEBUG_INFO = INCLUDE_SOURCE;
				MTL_FAST_MATH = YES;
				ONLY_ACTIVE_ARCH = YES;
				SDKROOT = iphoneos;
				SWIFT_ACTIVE_COMPILATION_CONDITIONS = DEBUG;
				SWIFT_OPTIMIZATION_LEVEL = "-Onone";
			};
			name = Debug;
		};
		97ABCF64285B963300EA2B70 /* Release */ = {
			isa = XCBuildConfiguration;
			buildSettings = {
				ALWAYS_SEARCH_USER_PATHS = NO;
				CLANG_ANALYZER_NONNULL = YES;
				CLANG_ANALYZER_NUMBER_OBJECT_CONVERSION = YES_AGGRESSIVE;
				CLANG_CXX_LANGUAGE_STANDARD = "gnu++17";
				CLANG_ENABLE_MODULES = YES;
				CLANG_ENABLE_OBJC_ARC = YES;
				CLANG_ENABLE_OBJC_WEAK = YES;
				CLANG_WARN_BLOCK_CAPTURE_AUTORELEASING = YES;
				CLANG_WARN_BOOL_CONVERSION = YES;
				CLANG_WARN_COMMA = YES;
				CLANG_WARN_CONSTANT_CONVERSION = YES;
				CLANG_WARN_DEPRECATED_OBJC_IMPLEMENTATIONS = YES;
				CLANG_WARN_DIRECT_OBJC_ISA_USAGE = YES_ERROR;
				CLANG_WARN_DOCUMENTATION_COMMENTS = YES;
				CLANG_WARN_EMPTY_BODY = YES;
				CLANG_WARN_ENUM_CONVERSION = YES;
				CLANG_WARN_INFINITE_RECURSION = YES;
				CLANG_WARN_INT_CONVERSION = YES;
				CLANG_WARN_NON_LITERAL_NULL_CONVERSION = YES;
				CLANG_WARN_OBJC_IMPLICIT_RETAIN_SELF = YES;
				CLANG_WARN_OBJC_LITERAL_CONVERSION = YES;
				CLANG_WARN_OBJC_ROOT_CLASS = YES_ERROR;
				CLANG_WARN_QUOTED_INCLUDE_IN_FRAMEWORK_HEADER = YES;
				CLANG_WARN_RANGE_LOOP_ANALYSIS = YES;
				CLANG_WARN_STRICT_PROTOTYPES = YES;
				CLANG_WARN_SUSPICIOUS_MOVE = YES;
				CLANG_WARN_UNGUARDED_AVAILABILITY = YES_AGGRESSIVE;
				CLANG_WARN_UNREACHABLE_CODE = YES;
				CLANG_WARN__DUPLICATE_METHOD_MATCH = YES;
				COPY_PHASE_STRIP = NO;
				DEBUG_INFORMATION_FORMAT = "dwarf-with-dsym";
				ENABLE_NS_ASSERTIONS = NO;
				ENABLE_STRICT_OBJC_MSGSEND = YES;
				GCC_C_LANGUAGE_STANDARD = gnu11;
				GCC_NO_COMMON_BLOCKS = YES;
				GCC_WARN_64_TO_32_BIT_CONVERSION = YES;
				GCC_WARN_ABOUT_RETURN_TYPE = YES_ERROR;
				GCC_WARN_UNDECLARED_SELECTOR = YES;
				GCC_WARN_UNINITIALIZED_AUTOS = YES_AGGRESSIVE;
				GCC_WARN_UNUSED_FUNCTION = YES;
				GCC_WARN_UNUSED_VARIABLE = YES;
				IPHONEOS_DEPLOYMENT_TARGET = 15.5;
				MTL_ENABLE_DEBUG_INFO = NO;
				MTL_FAST_MATH = YES;
				SDKROOT = iphoneos;
				SWIFT_COMPILATION_MODE = wholemodule;
				SWIFT_OPTIMIZATION_LEVEL = "-O";
				VALIDATE_PRODUCT = YES;
			};
			name = Release;
		};
		97ABCF66285B963300EA2B70 /* Debug */ = {
			isa = XCBuildConfiguration;
			buildSettings = {
				ASSETCATALOG_COMPILER_APPICON_NAME = AppIcon;
				ASSETCATALOG_COMPILER_GLOBAL_ACCENT_COLOR_NAME = AccentColor;
				CODE_SIGN_STYLE = Automatic;
				CURRENT_PROJECT_VERSION = 1;
				DEVELOPMENT_TEAM = WT8XRJ7QG4;
				GENERATE_INFOPLIST_FILE = YES;
				INFOPLIST_FILE = Coupling/Info.plist;
				INFOPLIST_KEY_UIApplicationSupportsIndirectInputEvents = YES;
				INFOPLIST_KEY_UILaunchStoryboardName = LaunchScreen;
				INFOPLIST_KEY_UIMainStoryboardFile = Main;
				INFOPLIST_KEY_UISupportedInterfaceOrientations_iPad = "UIInterfaceOrientationPortrait UIInterfaceOrientationPortraitUpsideDown UIInterfaceOrientationLandscapeLeft UIInterfaceOrientationLandscapeRight";
				INFOPLIST_KEY_UISupportedInterfaceOrientations_iPhone = "UIInterfaceOrientationPortrait UIInterfaceOrientationLandscapeLeft UIInterfaceOrientationLandscapeRight";
				LD_RUNPATH_SEARCH_PATHS = (
					"$(inherited)",
					"@executable_path/Frameworks",
				);
				MARKETING_VERSION = 1.0;
				PRODUCT_BUNDLE_IDENTIFIER = com.tomirisnegmatova.Coupling;
				PRODUCT_NAME = "$(TARGET_NAME)";
				SWIFT_EMIT_LOC_STRINGS = YES;
				SWIFT_VERSION = 5.0;
				TARGETED_DEVICE_FAMILY = "1,2";
			};
			name = Debug;
		};
		97ABCF67285B963300EA2B70 /* Release */ = {
			isa = XCBuildConfiguration;
			buildSettings = {
				ASSETCATALOG_COMPILER_APPICON_NAME = AppIcon;
				ASSETCATALOG_COMPILER_GLOBAL_ACCENT_COLOR_NAME = AccentColor;
				CODE_SIGN_STYLE = Automatic;
				CURRENT_PROJECT_VERSION = 1;
				DEVELOPMENT_TEAM = WT8XRJ7QG4;
				GENERATE_INFOPLIST_FILE = YES;
				INFOPLIST_FILE = Coupling/Info.plist;
				INFOPLIST_KEY_UIApplicationSupportsIndirectInputEvents = YES;
				INFOPLIST_KEY_UILaunchStoryboardName = LaunchScreen;
				INFOPLIST_KEY_UIMainStoryboardFile = Main;
				INFOPLIST_KEY_UISupportedInterfaceOrientations_iPad = "UIInterfaceOrientationPortrait UIInterfaceOrientationPortraitUpsideDown UIInterfaceOrientationLandscapeLeft UIInterfaceOrientationLandscapeRight";
				INFOPLIST_KEY_UISupportedInterfaceOrientations_iPhone = "UIInterfaceOrientationPortrait UIInterfaceOrientationLandscapeLeft UIInterfaceOrientationLandscapeRight";
				LD_RUNPATH_SEARCH_PATHS = (
					"$(inherited)",
					"@executable_path/Frameworks",
				);
				MARKETING_VERSION = 1.0;
				PRODUCT_BUNDLE_IDENTIFIER = com.tomirisnegmatova.Coupling;
				PRODUCT_NAME = "$(TARGET_NAME)";
				SWIFT_EMIT_LOC_STRINGS = YES;
				SWIFT_VERSION = 5.0;
				TARGETED_DEVICE_FAMILY = "1,2";
			};
			name = Release;
		};
/* End XCBuildConfiguration section */

/* Begin XCConfigurationList section */
		97ABCF4C285B963200EA2B70 /* Build configuration list for PBXProject "Coupling" */ = {
			isa = XCConfigurationList;
			buildConfigurations = (
				97ABCF63285B963300EA2B70 /* Debug */,
				97ABCF64285B963300EA2B70 /* Release */,
			);
			defaultConfigurationIsVisible = 0;
			defaultConfigurationName = Release;
		};
		97ABCF65285B963300EA2B70 /* Build configuration list for PBXNativeTarget "Coupling" */ = {
			isa = XCConfigurationList;
			buildConfigurations = (
				97ABCF66285B963300EA2B70 /* Debug */,
				97ABCF67285B963300EA2B70 /* Release */,
			);
			defaultConfigurationIsVisible = 0;
			defaultConfigurationName = Release;
		};
/* End XCConfigurationList section */
	};
	rootObject = 97ABCF49285B963200EA2B70 /* Project object */;
}
